
Microsoft Visual Studio Solution File, Format Version 12.00
# Visual Studio 2013
VisualStudioVersion = 12.0.31101.0
MinimumVisualStudioVersion = 10.0.40219.1
Project("{FAE04EC0-301F-11D3-BF4B-00C04F79EFBC}") = "QBurst.SignalR.LoadSimulator", "QBurst.SignalR.LoadSimulator\QBurst.SignalR.LoadSimulator.csproj", "{730E3520-8440-4D23-8A19-EE537DB8357A}"
EndProject
Project("{FAE04EC0-301F-11D3-BF4B-00C04F79EFBC}") = "QBurst.SignalR.LoadSimulator.Client", "QBurst.SignalR.LoadSimulator.Client\QBurst.SignalR.LoadSimulator.Client.csproj", "{F3054C63-B5AF-40F7-A101-DE994D45564E}"
EndProject
Global
	GlobalSection(TeamFoundationVersionControl) = preSolution
		SccNumberOfProjects = 2
		SccEnterpriseProvider = {4CA58AB2-18FA-4F8D-95D4-32DDF27D184C}
		SccTeamFoundationServer = http://10.6.1.112:7777/tfs/defaultcollection
		SccProjectUniqueName0 = QBurst.SignalR.LoadSimulator\\QBurst.SignalR.LoadSimulator.csproj
		SccProjectName0 = QBurst.SignalR.LoadSimulator
		SccAuxPath0 = http://10.6.1.112:7777/tfs/defaultcollection
		SccLocalPath0 = QBurst.SignalR.LoadSimulator
		SccProvider0 = {4CA58AB2-18FA-4F8D-95D4-32DDF27D184C}
		SccProjectUniqueName1 = QBurst.SignalR.LoadSimulator.Client\\QBurst.SignalR.LoadSimulator.Client.csproj
		SccProjectName1 = QBurst.SignalR.LoadSimulator.Client
		SccAuxPath1 = http://10.6.1.112:7777/tfs/defaultcollection
		SccLocalPath1 = QBurst.SignalR.LoadSimulator.Client
		SccProvider1 = {4CA58AB2-18FA-4F8D-95D4-32DDF27D184C}
	EndGlobalSection
	GlobalSection(SolutionConfigurationPlatforms) = preSolution
		Debug|Any CPU = Debug|Any CPU
		Release|Any CPU = Release|Any CPU
	EndGlobalSection
	GlobalSection(ProjectConfigurationPlatforms) = postSolution
		{730E3520-8440-4D23-8A19-EE537DB8357A}.Debug|Any CPU.ActiveCfg = Debug|Any CPU
		{730E3520-8440-4D23-8A19-EE537DB8357A}.Debug|Any CPU.Build.0 = Debug|Any CPU
		{730E3520-8440-4D23-8A19-EE537DB8357A}.Release|Any CPU.ActiveCfg = Release|Any CPU
		{730E3520-8440-4D23-8A19-EE537DB8357A}.Release|Any CPU.Build.0 = Release|Any CPU
		{F3054C63-B5AF-40F7-A101-DE994D45564E}.Debug|Any CPU.ActiveCfg = Debug|Any CPU
		{F3054C63-B5AF-40F7-A101-DE994D45564E}.Debug|Any CPU.Build.0 = Debug|Any CPU
		{F3054C63-B5AF-40F7-A101-DE994D45564E}.Release|Any CPU.ActiveCfg = Release|Any CPU
		{F3054C63-B5AF-40F7-A101-DE994D45564E}.Release|Any CPU.Build.0 = Release|Any CPU
	EndGlobalSection
	GlobalSection(SolutionProperties) = preSolution
		HideSolutionNode = FALSE
	EndGlobalSection
EndGlobal
